
Microsoft Visual Studio Solution File, Format Version 12.00
# Visual Studio Version 16
VisualStudioVersion = 16.0.32802.440
MinimumVisualStudioVersion = 10.0.40219.1
Project("{FAE04EC0-301F-11D3-BF4B-00C04F79EFBC}") = "MyPSD2UI", "MyPSD2UI.csproj", "{1D72F560-5585-4DAA-B78C-795EF8592871}"
EndProject
Project("{FAE04EC0-301F-11D3-BF4B-00C04F79EFBC}") = "PSDFile", "..\PSDFile\PSDFile.csproj", "{5AEA2BD0-892B-449A-AA41-D1C734DCB804}"
EndProject
Global
	GlobalSection(SolutionConfigurationPlatforms) = preSolution
		Debug|Any CPU = Debug|Any CPU
		Release|Any CPU = Release|Any CPU
	EndGlobalSection
	GlobalSection(ProjectConfigurationPlatforms) = postSolution
		{1D72F560-5585-4DAA-B78C-795EF8592871}.Debug|Any CPU.ActiveCfg = Debug|Any CPU
		{1D72F560-5585-4DAA-B78C-795EF8592871}.Debug|Any CPU.Build.0 = Debug|Any CPU
		{1D72F560-5585-4DAA-B78C-795EF8592871}.Release|Any CPU.ActiveCfg = Release|Any CPU
		{1D72F560-5585-4DAA-B78C-795EF8592871}.Release|Any CPU.Build.0 = Release|Any CPU
		{5AEA2BD0-892B-449A-AA41-D1C734DCB804}.Debug|Any CPU.ActiveCfg = Debug|Any CPU
		{5AEA2BD0-892B-449A-AA41-D1C734DCB804}.Debug|Any CPU.Build.0 = Debug|Any CPU
		{5AEA2BD0-892B-449A-AA41-D1C734DCB804}.Release|Any CPU.ActiveCfg = Release|Any CPU
		{5AEA2BD0-892B-449A-AA41-D1C734DCB804}.Release|Any CPU.Build.0 = Release|Any CPU
	EndGlobalSection
	GlobalSection(SolutionProperties) = preSolution
		HideSolutionNode = FALSE
	EndGlobalSection
	GlobalSection(ExtensibilityGlobals) = postSolution
		SolutionGuid = {DA6D880D-09D7-4793-B77F-CD95ABA5ADB8}
	EndGlobalSection
EndGlobal
